<Solution>
  <Project Path="APIAuthentication/APIAuthentication.csproj" Id="fe4940fc-10e0-44ea-853c-58b80ed343cd" />
  <Project Path="APIBreed/APIBreed.csproj" Id="5e6b71bd-af48-48c5-a941-7d6d0cbe5fef" />
  <Project Path="APIFoaling/APIFoaling.csproj" Id="09d8bb4d-3dd8-4d55-82e5-6c4f2e983e0c" />
  <Project Path="APIHorse/APIHorse.csproj" Id="027b5792-af2c-498d-84ec-2d9ebdda0e24" />
  <Project Path="APIHorseTrader/APIHorseTrader.csproj" Id="fe41b32a-5ca7-4bca-96a2-333ac157f99f" />
  <Project Path="Application/Application.csproj" Id="a60a91ba-70f8-4282-936c-2d07e5c34720" />
  <Project Path="Domain/Domain.csproj" Id="f24affb3-4080-4fb0-af49-49a8a613743b" />
  <Project Path="Estate/APIEstate.csproj" Id="8c961a27-a755-424c-b02a-63ce6278a3a9" />
  <Project Path="HorseArtist/APIArtist.csproj" Id="bdf26928-712e-44e0-a5a6-f72e88119b1b" />
  <Project Path="Infrastructure/Infrastructure.csproj" Id="06bacdf3-d9bd-47a6-86eb-fb691eba283b" />
  <Project Path="Shared/Shared.csproj" Id="0d7cf840-abda-4b26-8d2d-d908c94a9192" />
  <Project Path="UI/UI.csproj" />
  <Project Path="WorkerService1/WorkerService1.csproj" Id="e9ad1cb5-2647-410c-ab68-83d7e5ea4d0e" />
</Solution>
